
Microsoft Visual Studio Solution File, Format Version 12.00
# Visual Studio Version 17
VisualStudioVersion = 17.0.31903.59
MinimumVisualStudioVersion = 10.0.40219.1
Project("{2150E333-8FDC-42A3-9474-1A3956D46DE8}") = "src", "src", "{827E0CD3-B72D-47B6-A68D-7590B98EB39B}"
EndProject
Project("{FAE04EC0-301F-11D3-BF4B-00C04F79EFBC}") = "Licitaciones.Domain", "src\Licitaciones.Domain\Licitaciones.Domain.csproj", "{EA163602-C112-405B-8F24-EFFA6F356BFA}"
EndProject
Project("{FAE04EC0-301F-11D3-BF4B-00C04F79EFBC}") = "Licitaciones.Application", "src\Licitaciones.Application\Licitaciones.Application.csproj", "{A79BC507-49EE-49F7-8D6B-2A3CC4A0B01E}"
EndProject
Project("{FAE04EC0-301F-11D3-BF4B-00C04F79EFBC}") = "Licitaciones.Infrastructure", "src\Licitaciones.Infrastructure\Licitaciones.Infrastructure.csproj", "{86317ECF-C251-4A27-8DBC-BE53C18465F3}"
EndProject
Project("{FAE04EC0-301F-11D3-BF4B-00C04F79EFBC}") = "Licitaciones.Web", "src\Licitaciones.Web\Licitaciones.Web.csproj", "{DAEA6E42-417A-48BC-AE4A-0B8E41420C4D}"
EndProject
Project("{FAE04EC0-301F-11D3-BF4B-00C04F79EFBC}") = "Licitaciones.Api", "src\Licitaciones.Api\Licitaciones.Api.csproj", "{5B3E3EF3-9469-4E85-9D8F-79291EB60098}"
EndProject
Project("{2150E333-8FDC-42A3-9474-1A3956D46DE8}") = "tests", "tests", "{0AB3BF05-4346-4AA6-1389-037BE0695223}"
EndProject
Project("{FAE04EC0-301F-11D3-BF4B-00C04F79EFBC}") = "Licitaciones.UnitTests", "tests\Licitaciones.UnitTests\Licitaciones.UnitTests.csproj", "{0C0582E6-C34F-4363-B20F-967280FAE005}"
EndProject
Project("{FAE04EC0-301F-11D3-BF4B-00C04F79EFBC}") = "Licitaciones.IntegrationTests", "tests\Licitaciones.IntegrationTests\Licitaciones.IntegrationTests.csproj", "{70005695-A6CF-4C1D-8177-4B5CCB295AA4}"
EndProject
Project("{FAE04EC0-301F-11D3-BF4B-00C04F79EFBC}") = "Licitaciones.FunctionalTests", "tests\Licitaciones.FunctionalTests\Licitaciones.FunctionalTests.csproj", "{BACA2390-302D-4F0A-9604-2B5B8CE9D369}"
EndProject
Global
	GlobalSection(SolutionConfigurationPlatforms) = preSolution
		Debug|Any CPU = Debug|Any CPU
		Debug|x64 = Debug|x64
		Debug|x86 = Debug|x86
		Release|Any CPU = Release|Any CPU
		Release|x64 = Release|x64
		Release|x86 = Release|x86
	EndGlobalSection
	GlobalSection(ProjectConfigurationPlatforms) = postSolution
		{EA163602-C112-405B-8F24-EFFA6F356BFA}.Debug|Any CPU.ActiveCfg = Debug|Any CPU
		{EA163602-C112-405B-8F24-EFFA6F356BFA}.Debug|Any CPU.Build.0 = Debug|Any CPU
		{EA163602-C112-405B-8F24-EFFA6F356BFA}.Debug|x64.ActiveCfg = Debug|Any CPU
		{EA163602-C112-405B-8F24-EFFA6F356BFA}.Debug|x64.Build.0 = Debug|Any CPU
		{EA163602-C112-405B-8F24-EFFA6F356BFA}.Debug|x86.ActiveCfg = Debug|Any CPU
		{EA163602-C112-405B-8F24-EFFA6F356BFA}.Debug|x86.Build.0 = Debug|Any CPU
		{EA163602-C112-405B-8F24-EFFA6F356BFA}.Release|Any CPU.ActiveCfg = Release|Any CPU
		{EA163602-C112-405B-8F24-EFFA6F356BFA}.Release|Any CPU.Build.0 = Release|Any CPU
		{EA163602-C112-405B-8F24-EFFA6F356BFA}.Release|x64.ActiveCfg = Release|Any CPU
		{EA163602-C112-405B-8F24-EFFA6F356BFA}.Release|x64.Build.0 = Release|Any CPU
		{EA163602-C112-405B-8F24-EFFA6F356BFA}.Release|x86.ActiveCfg = Release|Any CPU
		{EA163602-C112-405B-8F24-EFFA6F356BFA}.Release|x86.Build.0 = Release|Any CPU
		{A79BC507-49EE-49F7-8D6B-2A3CC4A0B01E}.Debug|Any CPU.ActiveCfg = Debug|Any CPU
		{A79BC507-49EE-49F7-8D6B-2A3CC4A0B01E}.Debug|Any CPU.Build.0 = Debug|Any CPU
		{A79BC507-49EE-49F7-8D6B-2A3CC4A0B01E}.Debug|x64.ActiveCfg = Debug|Any CPU
		{A79BC507-49EE-49F7-8D6B-2A3CC4A0B01E}.Debug|x64.Build.0 = Debug|Any CPU
		{A79BC507-49EE-49F7-8D6B-2A3CC4A0B01E}.Debug|x86.ActiveCfg = Debug|Any CPU
		{A79BC507-49EE-49F7-8D6B-2A3CC4A0B01E}.Debug|x86.Build.0 = Debug|Any CPU
		{A79BC507-49EE-49F7-8D6B-2A3CC4A0B01E}.Release|Any CPU.ActiveCfg = Release|Any CPU
		{A79BC507-49EE-49F7-8D6B-2A3CC4A0B01E}.Release|Any CPU.Build.0 = Release|Any CPU
		{A79BC507-49EE-49F7-8D6B-2A3CC4A0B01E}.Release|x64.ActiveCfg = Release|Any CPU
		{A79BC507-49EE-49F7-8D6B-2A3CC4A0B01E}.Release|x64.Build.0 = Release|Any CPU
		{A79BC507-49EE-49F7-8D6B-2A3CC4A0B01E}.Release|x86.ActiveCfg = Release|Any CPU
		{A79BC507-49EE-49F7-8D6B-2A3CC4A0B01E}.Release|x86.Build.0 = Release|Any CPU
		{86317ECF-C251-4A27-8DBC-BE53C18465F3}.Debug|Any CPU.ActiveCfg = Debug|Any CPU
		{86317ECF-C251-4A27-8DBC-BE53C18465F3}.Debug|Any CPU.Build.0 = Debug|Any CPU
		{86317ECF-C251-4A27-8DBC-BE53C18465F3}.Debug|x64.ActiveCfg = Debug|Any CPU
		{86317ECF-C251-4A27-8DBC-BE53C18465F3}.Debug|x64.Build.0 = Debug|Any CPU
		{86317ECF-C251-4A27-8DBC-BE53C18465F3}.Debug|x86.ActiveCfg = Debug|Any CPU
		{86317ECF-C251-4A27-8DBC-BE53C18465F3}.Debug|x86.Build.0 = Debug|Any CPU
		{86317ECF-C251-4A27-8DBC-BE53C18465F3}.Release|Any CPU.ActiveCfg = Release|Any CPU
		{86317ECF-C251-4A27-8DBC-BE53C18465F3}.Release|Any CPU.Build.0 = Release|Any CPU
		{86317ECF-C251-4A27-8DBC-BE53C18465F3}.Release|x64.ActiveCfg = Release|Any CPU
		{86317ECF-C251-4A27-8DBC-BE53C18465F3}.Release|x64.Build.0 = Release|Any CPU
		{86317ECF-C251-4A27-8DBC-BE53C18465F3}.Release|x86.ActiveCfg = Release|Any CPU
		{86317ECF-C251-4A27-8DBC-BE53C18465F3}.Release|x86.Build.0 = Release|Any CPU
		{DAEA6E42-417A-48BC-AE4A-0B8E41420C4D}.Debug|Any CPU.ActiveCfg = Debug|Any CPU
		{DAEA6E42-417A-48BC-AE4A-0B8E41420C4D}.Debug|Any CPU.Build.0 = Debug|Any CPU
		{DAEA6E42-417A-48BC-AE4A-0B8E41420C4D}.Debug|x64.ActiveCfg = Debug|Any CPU
		{DAEA6E42-417A-48BC-AE4A-0B8E41420C4D}.Debug|x64.Build.0 = Debug|Any CPU
		{DAEA6E42-417A-48BC-AE4A-0B8E41420C4D}.Debug|x86.ActiveCfg = Debug|Any CPU
		{DAEA6E42-417A-48BC-AE4A-0B8E41420C4D}.Debug|x86.Build.0 = Debug|Any CPU
		{DAEA6E42-417A-48BC-AE4A-0B8E41420C4D}.Release|Any CPU.ActiveCfg = Release|Any CPU
		{DAEA6E42-417A-48BC-AE4A-0B8E41420C4D}.Release|Any CPU.Build.0 = Release|Any CPU
		{DAEA6E42-417A-48BC-AE4A-0B8E41420C4D}.Release|x64.ActiveCfg = Release|Any CPU
		{DAEA6E42-417A-48BC-AE4A-0B8E41420C4D}.Release|x64.Build.0 = Release|Any CPU
		{DAEA6E42-417A-48BC-AE4A-0B8E41420C4D}.Release|x86.ActiveCfg = Release|Any CPU
		{DAEA6E42-417A-48BC-AE4A-0B8E41420C4D}.Release|x86.Build.0 = Release|Any CPU
		{5B3E3EF3-9469-4E85-9D8F-79291EB60098}.Debug|Any CPU.ActiveCfg = Debug|Any CPU
		{5B3E3EF3-9469-4E85-9D8F-79291EB60098}.Debug|Any CPU.Build.0 = Debug|Any CPU
		{5B3E3EF3-9469-4E85-9D8F-79291EB60098}.Debug|x64.ActiveCfg = Debug|Any CPU
		{5B3E3EF3-9469-4E85-9D8F-79291EB60098}.Debug|x64.Build.0 = Debug|Any CPU
		{5B3E3EF3-9469-4E85-9D8F-79291EB60098}.Debug|x86.ActiveCfg = Debug|Any CPU
		{5B3E3EF3-9469-4E85-9D8F-79291EB60098}.Debug|x86.Build.0 = Debug|Any CPU
		{5B3E3EF3-9469-4E85-9D8F-79291EB60098}.Release|Any CPU.ActiveCfg = Release|Any CPU
		{5B3E3EF3-9469-4E85-9D8F-79291EB60098}.Release|Any CPU.Build.0 = Release|Any CPU
		{5B3E3EF3-9469-4E85-9D8F-79291EB60098}.Release|x64.ActiveCfg = Release|Any CPU
		{5B3E3EF3-9469-4E85-9D8F-79291EB60098}.Release|x64.Build.0 = Release|Any CPU
		{5B3E3EF3-9469-4E85-9D8F-79291EB60098}.Release|x86.ActiveCfg = Release|Any CPU
		{5B3E3EF3-9469-4E85-9D8F-79291EB60098}.Release|x86.Build.0 = Release|Any CPU
		{0C0582E6-C34F-4363-B20F-967280FAE005}.Debug|Any CPU.ActiveCfg = Debug|Any CPU
		{0C0582E6-C34F-4363-B20F-967280FAE005}.Debug|Any CPU.Build.0 = Debug|Any CPU
		{0C0582E6-C34F-4363-B20F-967280FAE005}.Debug|x64.ActiveCfg = Debug|Any CPU
		{0C0582E6-C34F-4363-B20F-967280FAE005}.Debug|x64.Build.0 = Debug|Any CPU
		{0C0582E6-C34F-4363-B20F-967280FAE005}.Debug|x86.ActiveCfg = Debug|Any CPU
		{0C0582E6-C34F-4363-B20F-967280FAE005}.Debug|x86.Build.0 = Debug|Any CPU
		{0C0582E6-C34F-4363-B20F-967280FAE005}.Release|Any CPU.ActiveCfg = Release|Any CPU
		{0C0582E6-C34F-4363-B20F-967280FAE005}.Release|Any CPU.Build.0 = Release|Any CPU
		{0C0582E6-C34F-4363-B20F-967280FAE005}.Release|x64.ActiveCfg = Release|Any CPU
		{0C0582E6-C34F-4363-B20F-967280FAE005}.Release|x64.Build.0 = Release|Any CPU
		{0C0582E6-C34F-4363-B20F-967280FAE005}.Release|x86.ActiveCfg = Release|Any CPU
		{0C0582E6-C34F-4363-B20F-967280FAE005}.Release|x86.Build.0 = Release|Any CPU
		{70005695-A6CF-4C1D-8177-4B5CCB295AA4}.Debug|Any CPU.ActiveCfg = Debug|Any CPU
		{70005695-A6CF-4C1D-8177-4B5CCB295AA4}.Debug|Any CPU.Build.0 = Debug|Any CPU
		{70005695-A6CF-4C1D-8177-4B5CCB295AA4}.Debug|x64.ActiveCfg = Debug|Any CPU
		{70005695-A6CF-4C1D-8177-4B5CCB295AA4}.Debug|x64.Build.0 = Debug|Any CPU
		{70005695-A6CF-4C1D-8177-4B5CCB295AA4}.Debug|x86.ActiveCfg = Debug|Any CPU
		{70005695-A6CF-4C1D-8177-4B5CCB295AA4}.Debug|x86.Build.0 = Debug|Any CPU
		{70005695-A6CF-4C1D-8177-4B5CCB295AA4}.Release|Any CPU.ActiveCfg = Release|Any CPU
		{70005695-A6CF-4C1D-8177-4B5CCB295AA4}.Release|Any CPU.Build.0 = Release|Any CPU
		{70005695-A6CF-4C1D-8177-4B5CCB295AA4}.Release|x64.ActiveCfg = Release|Any CPU
		{70005695-A6CF-4C1D-8177-4B5CCB295AA4}.Release|x64.Build.0 = Release|Any CPU
		{70005695-A6CF-4C1D-8177-4B5CCB295AA4}.Release|x86.ActiveCfg = Release|Any CPU
		{70005695-A6CF-4C1D-8177-4B5CCB295AA4}.Release|x86.Build.0 = Release|Any CPU
		{BACA2390-302D-4F0A-9604-2B5B8CE9D369}.Debug|Any CPU.ActiveCfg = Debug|Any CPU
		{BACA2390-302D-4F0A-9604-2B5B8CE9D369}.Debug|Any CPU.Build.0 = Debug|Any CPU
		{BACA2390-302D-4F0A-9604-2B5B8CE9D369}.Debug|x64.ActiveCfg = Debug|Any CPU
		{BACA2390-302D-4F0A-9604-2B5B8CE9D369}.Debug|x64.Build.0 = Debug|Any CPU
		{BACA2390-302D-4F0A-9604-2B5B8CE9D369}.Debug|x86.ActiveCfg = Debug|Any CPU
		{BACA2390-302D-4F0A-9604-2B5B8CE9D369}.Debug|x86.Build.0 = Debug|Any CPU
		{BACA2390-302D-4F0A-9604-2B5B8CE9D369}.Release|Any CPU.ActiveCfg = Release|Any CPU
		{BACA2390-302D-4F0A-9604-2B5B8CE9D369}.Release|Any CPU.Build.0 = Release|Any CPU
		{BACA2390-302D-4F0A-9604-2B5B8CE9D369}.Release|x64.ActiveCfg = Release|Any CPU
		{BACA2390-302D-4F0A-9604-2B5B8CE9D369}.Release|x64.Build.0 = Release|Any CPU
		{BACA2390-302D-4F0A-9604-2B5B8CE9D369}.Release|x86.ActiveCfg = Release|Any CPU
		{BACA2390-302D-4F0A-9604-2B5B8CE9D369}.Release|x86.Build.0 = Release|Any CPU
	EndGlobalSection
	GlobalSection(SolutionProperties) = preSolution
		HideSolutionNode = FALSE
	EndGlobalSection
	GlobalSection(NestedProjects) = preSolution
		{EA163602-C112-405B-8F24-EFFA6F356BFA} = {827E0CD3-B72D-47B6-A68D-7590B98EB39B}
		{A79BC507-49EE-49F7-8D6B-2A3CC4A0B01E} = {827E0CD3-B72D-47B6-A68D-7590B98EB39B}
		{86317ECF-C251-4A27-8DBC-BE53C18465F3} = {827E0CD3-B72D-47B6-A68D-7590B98EB39B}
		{DAEA6E42-417A-48BC-AE4A-0B8E41420C4D} = {827E0CD3-B72D-47B6-A68D-7590B98EB39B}
		{5B3E3EF3-9469-4E85-9D8F-79291EB60098} = {827E0CD3-B72D-47B6-A68D-7590B98EB39B}
		{0C0582E6-C34F-4363-B20F-967280FAE005} = {0AB3BF05-4346-4AA6-1389-037BE0695223}
		{70005695-A6CF-4C1D-8177-4B5CCB295AA4} = {0AB3BF05-4346-4AA6-1389-037BE0695223}
		{BACA2390-302D-4F0A-9604-2B5B8CE9D369} = {0AB3BF05-4346-4AA6-1389-037BE0695223}
	EndGlobalSection
EndGlobal
